
Microsoft Visual Studio Solution File, Format Version 12.00
# Visual Studio Version 17
VisualStudioVersion = 17.13.35931.197
MinimumVisualStudioVersion = 10.0.40219.1
Project("{FAE04EC0-301F-11D3-BF4B-00C04F79EFBC}") = "GestaoLoja", "GestaoLoja\GestaoLoja.csproj", "{C855DD61-C653-4CB8-809E-DC040D45C455}"
EndProject
Project("{FAE04EC0-301F-11D3-BF4B-00C04F79EFBC}") = "RESTFulAPI", "RestfulAPI\RESTFulAPI.csproj", "{F7A449BF-D291-4C24-B1B9-52B511CCA162}"
EndProject
Global
	GlobalSection(SolutionConfigurationPlatforms) = preSolution
		Debug|Any CPU = Debug|Any CPU
		Release|Any CPU = Release|Any CPU
	EndGlobalSection
	GlobalSection(ProjectConfigurationPlatforms) = postSolution
		{C855DD61-C653-4CB8-809E-DC040D45C455}.Debug|Any CPU.ActiveCfg = Debug|Any CPU
		{C855DD61-C653-4CB8-809E-DC040D45C455}.Debug|Any CPU.Build.0 = Debug|Any CPU
		{C855DD61-C653-4CB8-809E-DC040D45C455}.Release|Any CPU.ActiveCfg = Release|Any CPU
		{C855DD61-C653-4CB8-809E-DC040D45C455}.Release|Any CPU.Build.0 = Release|Any CPU
		{F7A449BF-D291-4C24-B1B9-52B511CCA162}.Debug|Any CPU.ActiveCfg = Debug|Any CPU
		{F7A449BF-D291-4C24-B1B9-52B511CCA162}.Debug|Any CPU.Build.0 = Debug|Any CPU
		{F7A449BF-D291-4C24-B1B9-52B511CCA162}.Release|Any CPU.ActiveCfg = Release|Any CPU
		{F7A449BF-D291-4C24-B1B9-52B511CCA162}.Release|Any CPU.Build.0 = Release|Any CPU
	EndGlobalSection
	GlobalSection(SolutionProperties) = preSolution
		HideSolutionNode = FALSE
	EndGlobalSection
	GlobalSection(ExtensibilityGlobals) = postSolution
		SolutionGuid = {1E9C71B8-48B4-4B0A-A68D-749B2A2414EE}
	EndGlobalSection
EndGlobal
